
Microsoft Visual Studio Solution File, Format Version 12.00
# Visual Studio Version 17
VisualStudioVersion = 17.2.32630.192
MinimumVisualStudioVersion = 10.0.40219.1
Project("{9A19103F-16F7-4668-BE54-9A1E7A4F7556}") = "SistemaGustavoAPI", "SistemaGustavoAPI\SistemaGustavoAPI.csproj", "{AA46BB3B-C24D-42FB-A3D2-6E409843988B}"
EndProject
Project("{9A19103F-16F7-4668-BE54-9A1E7A4F7556}") = "Sistema.Application", "Sistema.Application\Sistema.Application.csproj", "{7685C386-6372-4CC7-BDC2-3A5F93AD380A}"
EndProject
Project("{9A19103F-16F7-4668-BE54-9A1E7A4F7556}") = "Sistema.Domain", "Sistema.Domain\Sistema.Domain.csproj", "{5E6A192A-CA33-4776-8577-8B095F097018}"
EndProject
Project("{9A19103F-16F7-4668-BE54-9A1E7A4F7556}") = "Sistema.Repository", "Sistema.Repository\Sistema.Repository.csproj", "{81833862-0C1B-49E9-BDF0-11A83D0326C0}"
EndProject
Project("{2150E333-8FDC-42A3-9474-1A3956D46DE8}") = "1. Seedwork and Crosscutting Layers", "1. Seedwork and Crosscutting Layers", "{4E7D26AD-2EAE-450F-9E40-296ECA9B54EA}"
EndProject
Project("{9A19103F-16F7-4668-BE54-9A1E7A4F7556}") = "Application.Seedwork", "..\..\Tino\PORTAL_MOBILIDADE\API_PORTAL\src\PortalMobilidade.Seedwork\Application.Seedwork\Application.Seedwork.csproj", "{6018AE57-5D61-49AD-B17E-FABF41BBB02F}"
EndProject
Project("{9A19103F-16F7-4668-BE54-9A1E7A4F7556}") = "Domain.Seedwork", "..\..\Tino\PORTAL_MOBILIDADE\API_PORTAL\src\PortalMobilidade.Seedwork\Domain.Seedwork\Domain.Seedwork.csproj", "{23B519D0-63DF-469A-B791-F45DC5E2D44C}"
EndProject
Project("{9A19103F-16F7-4668-BE54-9A1E7A4F7556}") = "Infra.Crosscutting", "..\..\Tino\PORTAL_MOBILIDADE\API_PORTAL\src\PortalMobilidade.Seedwork\Infra.Crosscutting\Infra.Crosscutting.csproj", "{6C091EC9-6E8F-4106-9951-E97006DCF2A2}"
EndProject
Project("{9A19103F-16F7-4668-BE54-9A1E7A4F7556}") = "Infra.Data.Http.Seedwork", "..\..\Tino\PORTAL_MOBILIDADE\API_PORTAL\src\PortalMobilidade.Seedwork\Infra.Data.Http.Seedwork\Infra.Data.Http.Seedwork.csproj", "{60768487-12D4-465A-8823-837E456F20E7}"
EndProject
Project("{9A19103F-16F7-4668-BE54-9A1E7A4F7556}") = "Infra.Data.Query.Seedwork", "..\..\Tino\PORTAL_MOBILIDADE\API_PORTAL\src\PortalMobilidade.Seedwork\Infra.Data.Query.Seedwork\Infra.Data.Query.Seedwork.csproj", "{37BD5814-BC86-4EA2-8B49-E28BEF6E1C67}"
EndProject
Project("{9A19103F-16F7-4668-BE54-9A1E7A4F7556}") = "Infra.Data.Seedwork", "..\..\Tino\PORTAL_MOBILIDADE\API_PORTAL\src\PortalMobilidade.Seedwork\Infra.Data.Seedwork\Infra.Data.Seedwork.csproj", "{B2FEF3CD-C90A-4EAC-9EAC-59FE71D6A080}"
EndProject
Project("{9A19103F-16F7-4668-BE54-9A1E7A4F7556}") = "Infra.Http.Seedwork", "..\..\Tino\PORTAL_MOBILIDADE\API_PORTAL\src\PortalMobilidade.Seedwork\Infra.Http.Seedwork\Infra.Http.Seedwork.csproj", "{32209728-EF8B-457B-88DD-7E43227ACD45}"
EndProject
Project("{2150E333-8FDC-42A3-9474-1A3956D46DE8}") = "2. Apps", "2. Apps", "{5D9815C5-F5E4-4604-9D1E-F9FDB8941D7A}"
EndProject
Project("{2150E333-8FDC-42A3-9474-1A3956D46DE8}") = "3. Application", "3. Application", "{5BB490B8-DC56-446F-8FCE-1528AEE825F3}"
EndProject
Project("{2150E333-8FDC-42A3-9474-1A3956D46DE8}") = "4. Domain", "4. Domain", "{25B09B3C-996A-4BD5-890D-C0FB0559DC11}"
EndProject
Project("{2150E333-8FDC-42A3-9474-1A3956D46DE8}") = "5. Infrastructure", "5. Infrastructure", "{1630DB9D-B107-4560-9015-BD4AA184827A}"
EndProject
Project("{FAE04EC0-301F-11D3-BF4B-00C04F79EFBC}") = "Sistema.RepositorysQuery", "Sistema.RepositorysQuery\Sistema.RepositorysQuery.csproj", "{98DEF1EF-3842-4907-AF9E-C459F53549A3}"
EndProject
Global
	GlobalSection(SolutionConfigurationPlatforms) = preSolution
		Debug|Any CPU = Debug|Any CPU
		Release|Any CPU = Release|Any CPU
		Staging|Any CPU = Staging|Any CPU
	EndGlobalSection
	GlobalSection(ProjectConfigurationPlatforms) = postSolution
		{AA46BB3B-C24D-42FB-A3D2-6E409843988B}.Debug|Any CPU.ActiveCfg = Debug|Any CPU
		{AA46BB3B-C24D-42FB-A3D2-6E409843988B}.Debug|Any CPU.Build.0 = Debug|Any CPU
		{AA46BB3B-C24D-42FB-A3D2-6E409843988B}.Release|Any CPU.ActiveCfg = Release|Any CPU
		{AA46BB3B-C24D-42FB-A3D2-6E409843988B}.Release|Any CPU.Build.0 = Release|Any CPU
		{AA46BB3B-C24D-42FB-A3D2-6E409843988B}.Staging|Any CPU.ActiveCfg = Release|Any CPU
		{AA46BB3B-C24D-42FB-A3D2-6E409843988B}.Staging|Any CPU.Build.0 = Release|Any CPU
		{7685C386-6372-4CC7-BDC2-3A5F93AD380A}.Debug|Any CPU.ActiveCfg = Debug|Any CPU
		{7685C386-6372-4CC7-BDC2-3A5F93AD380A}.Debug|Any CPU.Build.0 = Debug|Any CPU
		{7685C386-6372-4CC7-BDC2-3A5F93AD380A}.Release|Any CPU.ActiveCfg = Release|Any CPU
		{7685C386-6372-4CC7-BDC2-3A5F93AD380A}.Release|Any CPU.Build.0 = Release|Any CPU
		{7685C386-6372-4CC7-BDC2-3A5F93AD380A}.Staging|Any CPU.ActiveCfg = Debug|Any CPU
		{7685C386-6372-4CC7-BDC2-3A5F93AD380A}.Staging|Any CPU.Build.0 = Debug|Any CPU
		{5E6A192A-CA33-4776-8577-8B095F097018}.Debug|Any CPU.ActiveCfg = Debug|Any CPU
		{5E6A192A-CA33-4776-8577-8B095F097018}.Debug|Any CPU.Build.0 = Debug|Any CPU
		{5E6A192A-CA33-4776-8577-8B095F097018}.Release|Any CPU.ActiveCfg = Release|Any CPU
		{5E6A192A-CA33-4776-8577-8B095F097018}.Release|Any CPU.Build.0 = Release|Any CPU
		{5E6A192A-CA33-4776-8577-8B095F097018}.Staging|Any CPU.ActiveCfg = Debug|Any CPU
		{5E6A192A-CA33-4776-8577-8B095F097018}.Staging|Any CPU.Build.0 = Debug|Any CPU
		{81833862-0C1B-49E9-BDF0-11A83D0326C0}.Debug|Any CPU.ActiveCfg = Debug|Any CPU
		{81833862-0C1B-49E9-BDF0-11A83D0326C0}.Debug|Any CPU.Build.0 = Debug|Any CPU
		{81833862-0C1B-49E9-BDF0-11A83D0326C0}.Release|Any CPU.ActiveCfg = Release|Any CPU
		{81833862-0C1B-49E9-BDF0-11A83D0326C0}.Release|Any CPU.Build.0 = Release|Any CPU
		{81833862-0C1B-49E9-BDF0-11A83D0326C0}.Staging|Any CPU.ActiveCfg = Debug|Any CPU
		{81833862-0C1B-49E9-BDF0-11A83D0326C0}.Staging|Any CPU.Build.0 = Debug|Any CPU
		{6018AE57-5D61-49AD-B17E-FABF41BBB02F}.Debug|Any CPU.ActiveCfg = Debug|Any CPU
		{6018AE57-5D61-49AD-B17E-FABF41BBB02F}.Debug|Any CPU.Build.0 = Debug|Any CPU
		{6018AE57-5D61-49AD-B17E-FABF41BBB02F}.Release|Any CPU.ActiveCfg = Release|Any CPU
		{6018AE57-5D61-49AD-B17E-FABF41BBB02F}.Release|Any CPU.Build.0 = Release|Any CPU
		{6018AE57-5D61-49AD-B17E-FABF41BBB02F}.Staging|Any CPU.ActiveCfg = Staging|Any CPU
		{6018AE57-5D61-49AD-B17E-FABF41BBB02F}.Staging|Any CPU.Build.0 = Staging|Any CPU
		{23B519D0-63DF-469A-B791-F45DC5E2D44C}.Debug|Any CPU.ActiveCfg = Debug|Any CPU
		{23B519D0-63DF-469A-B791-F45DC5E2D44C}.Debug|Any CPU.Build.0 = Debug|Any CPU
		{23B519D0-63DF-469A-B791-F45DC5E2D44C}.Release|Any CPU.ActiveCfg = Release|Any CPU
		{23B519D0-63DF-469A-B791-F45DC5E2D44C}.Release|Any CPU.Build.0 = Release|Any CPU
		{23B519D0-63DF-469A-B791-F45DC5E2D44C}.Staging|Any CPU.ActiveCfg = Staging|Any CPU
		{23B519D0-63DF-469A-B791-F45DC5E2D44C}.Staging|Any CPU.Build.0 = Staging|Any CPU
		{6C091EC9-6E8F-4106-9951-E97006DCF2A2}.Debug|Any CPU.ActiveCfg = Debug|Any CPU
		{6C091EC9-6E8F-4106-9951-E97006DCF2A2}.Debug|Any CPU.Build.0 = Debug|Any CPU
		{6C091EC9-6E8F-4106-9951-E97006DCF2A2}.Release|Any CPU.ActiveCfg = Release|Any CPU
		{6C091EC9-6E8F-4106-9951-E97006DCF2A2}.Release|Any CPU.Build.0 = Release|Any CPU
		{6C091EC9-6E8F-4106-9951-E97006DCF2A2}.Staging|Any CPU.ActiveCfg = Staging|Any CPU
		{6C091EC9-6E8F-4106-9951-E97006DCF2A2}.Staging|Any CPU.Build.0 = Staging|Any CPU
		{60768487-12D4-465A-8823-837E456F20E7}.Debug|Any CPU.ActiveCfg = Debug|Any CPU
		{60768487-12D4-465A-8823-837E456F20E7}.Debug|Any CPU.Build.0 = Debug|Any CPU
		{60768487-12D4-465A-8823-837E456F20E7}.Release|Any CPU.ActiveCfg = Release|Any CPU
		{60768487-12D4-465A-8823-837E456F20E7}.Release|Any CPU.Build.0 = Release|Any CPU
		{60768487-12D4-465A-8823-837E456F20E7}.Staging|Any CPU.ActiveCfg = Staging|Any CPU
		{60768487-12D4-465A-8823-837E456F20E7}.Staging|Any CPU.Build.0 = Staging|Any CPU
		{37BD5814-BC86-4EA2-8B49-E28BEF6E1C67}.Debug|Any CPU.ActiveCfg = Debug|Any CPU
		{37BD5814-BC86-4EA2-8B49-E28BEF6E1C67}.Debug|Any CPU.Build.0 = Debug|Any CPU
		{37BD5814-BC86-4EA2-8B49-E28BEF6E1C67}.Release|Any CPU.ActiveCfg = Release|Any CPU
		{37BD5814-BC86-4EA2-8B49-E28BEF6E1C67}.Release|Any CPU.Build.0 = Release|Any CPU
		{37BD5814-BC86-4EA2-8B49-E28BEF6E1C67}.Staging|Any CPU.ActiveCfg = Staging|Any CPU
		{37BD5814-BC86-4EA2-8B49-E28BEF6E1C67}.Staging|Any CPU.Build.0 = Staging|Any CPU
		{B2FEF3CD-C90A-4EAC-9EAC-59FE71D6A080}.Debug|Any CPU.ActiveCfg = Debug|Any CPU
		{B2FEF3CD-C90A-4EAC-9EAC-59FE71D6A080}.Debug|Any CPU.Build.0 = Debug|Any CPU
		{B2FEF3CD-C90A-4EAC-9EAC-59FE71D6A080}.Release|Any CPU.ActiveCfg = Release|Any CPU
		{B2FEF3CD-C90A-4EAC-9EAC-59FE71D6A080}.Release|Any CPU.Build.0 = Release|Any CPU
		{B2FEF3CD-C90A-4EAC-9EAC-59FE71D6A080}.Staging|Any CPU.ActiveCfg = Staging|Any CPU
		{B2FEF3CD-C90A-4EAC-9EAC-59FE71D6A080}.Staging|Any CPU.Build.0 = Staging|Any CPU
		{32209728-EF8B-457B-88DD-7E43227ACD45}.Debug|Any CPU.ActiveCfg = Debug|Any CPU
		{32209728-EF8B-457B-88DD-7E43227ACD45}.Debug|Any CPU.Build.0 = Debug|Any CPU
		{32209728-EF8B-457B-88DD-7E43227ACD45}.Release|Any CPU.ActiveCfg = Release|Any CPU
		{32209728-EF8B-457B-88DD-7E43227ACD45}.Release|Any CPU.Build.0 = Release|Any CPU
		{32209728-EF8B-457B-88DD-7E43227ACD45}.Staging|Any CPU.ActiveCfg = Staging|Any CPU
		{32209728-EF8B-457B-88DD-7E43227ACD45}.Staging|Any CPU.Build.0 = Staging|Any CPU
		{98DEF1EF-3842-4907-AF9E-C459F53549A3}.Debug|Any CPU.ActiveCfg = Debug|Any CPU
		{98DEF1EF-3842-4907-AF9E-C459F53549A3}.Debug|Any CPU.Build.0 = Debug|Any CPU
		{98DEF1EF-3842-4907-AF9E-C459F53549A3}.Release|Any CPU.ActiveCfg = Release|Any CPU
		{98DEF1EF-3842-4907-AF9E-C459F53549A3}.Release|Any CPU.Build.0 = Release|Any CPU
		{98DEF1EF-3842-4907-AF9E-C459F53549A3}.Staging|Any CPU.ActiveCfg = Debug|Any CPU
		{98DEF1EF-3842-4907-AF9E-C459F53549A3}.Staging|Any CPU.Build.0 = Debug|Any CPU
	EndGlobalSection
	GlobalSection(SolutionProperties) = preSolution
		HideSolutionNode = FALSE
	EndGlobalSection
	GlobalSection(NestedProjects) = preSolution
		{AA46BB3B-C24D-42FB-A3D2-6E409843988B} = {5D9815C5-F5E4-4604-9D1E-F9FDB8941D7A}
		{7685C386-6372-4CC7-BDC2-3A5F93AD380A} = {5BB490B8-DC56-446F-8FCE-1528AEE825F3}
		{5E6A192A-CA33-4776-8577-8B095F097018} = {25B09B3C-996A-4BD5-890D-C0FB0559DC11}
		{81833862-0C1B-49E9-BDF0-11A83D0326C0} = {1630DB9D-B107-4560-9015-BD4AA184827A}
		{6018AE57-5D61-49AD-B17E-FABF41BBB02F} = {4E7D26AD-2EAE-450F-9E40-296ECA9B54EA}
		{23B519D0-63DF-469A-B791-F45DC5E2D44C} = {4E7D26AD-2EAE-450F-9E40-296ECA9B54EA}
		{6C091EC9-6E8F-4106-9951-E97006DCF2A2} = {4E7D26AD-2EAE-450F-9E40-296ECA9B54EA}
		{60768487-12D4-465A-8823-837E456F20E7} = {4E7D26AD-2EAE-450F-9E40-296ECA9B54EA}
		{37BD5814-BC86-4EA2-8B49-E28BEF6E1C67} = {4E7D26AD-2EAE-450F-9E40-296ECA9B54EA}
		{B2FEF3CD-C90A-4EAC-9EAC-59FE71D6A080} = {4E7D26AD-2EAE-450F-9E40-296ECA9B54EA}
		{32209728-EF8B-457B-88DD-7E43227ACD45} = {4E7D26AD-2EAE-450F-9E40-296ECA9B54EA}
		{98DEF1EF-3842-4907-AF9E-C459F53549A3} = {1630DB9D-B107-4560-9015-BD4AA184827A}
	EndGlobalSection
	GlobalSection(ExtensibilityGlobals) = postSolution
		SolutionGuid = {C3A93425-F5B2-46AC-B498-38A4899DC4A2}
	EndGlobalSection
EndGlobal
