
Microsoft Visual Studio Solution File, Format Version 12.00
# Visual Studio Version 17
VisualStudioVersion = 17.2.32630.192
MinimumVisualStudioVersion = 10.0.40219.1
Project("{9A19103F-16F7-4668-BE54-9A1E7A4F7556}") = "SistemaGustavoAPI", "SistemaGustavoAPI\SistemaGustavoAPI.csproj", "{AA46BB3B-C24D-42FB-A3D2-6E409843988B}"
EndProject
Project("{9A19103F-16F7-4668-BE54-9A1E7A4F7556}") = "Sistema.Application", "Sistema.Application\Sistema.Application.csproj", "{7685C386-6372-4CC7-BDC2-3A5F93AD380A}"
EndProject
Project("{9A19103F-16F7-4668-BE54-9A1E7A4F7556}") = "Sistema.Domain", "Sistema.Domain\Sistema.Domain.csproj", "{5E6A192A-CA33-4776-8577-8B095F097018}"
EndProject
Project("{9A19103F-16F7-4668-BE54-9A1E7A4F7556}") = "Sistema.Repository", "Sistema.Repository\Sistema.Repository.csproj", "{81833862-0C1B-49E9-BDF0-11A83D0326C0}"
EndProject
Project("{2150E333-8FDC-42A3-9474-1A3956D46DE8}") = "1. Seedwork and Crosscutting Layers", "1. Seedwork and Crosscutting Layers", "{4E7D26AD-2EAE-450F-9E40-296ECA9B54EA}"
EndProject
Project("{2150E333-8FDC-42A3-9474-1A3956D46DE8}") = "2. Apps", "2. Apps", "{5D9815C5-F5E4-4604-9D1E-F9FDB8941D7A}"
EndProject
Project("{2150E333-8FDC-42A3-9474-1A3956D46DE8}") = "3. Application", "3. Application", "{5BB490B8-DC56-446F-8FCE-1528AEE825F3}"
EndProject
Project("{2150E333-8FDC-42A3-9474-1A3956D46DE8}") = "4. Domain", "4. Domain", "{25B09B3C-996A-4BD5-890D-C0FB0559DC11}"
EndProject
Project("{2150E333-8FDC-42A3-9474-1A3956D46DE8}") = "5. Infrastructure", "5. Infrastructure", "{1630DB9D-B107-4560-9015-BD4AA184827A}"
EndProject
Project("{9A19103F-16F7-4668-BE54-9A1E7A4F7556}") = "Sistema.RepositorysQuery", "Sistema.RepositorysQuery\Sistema.RepositorysQuery.csproj", "{98DEF1EF-3842-4907-AF9E-C459F53549A3}"
EndProject
Project("{9A19103F-16F7-4668-BE54-9A1E7A4F7556}") = "Application.Seedwork", "..\..\Projetos - Gustavo\Tino\PORTAL_MOBILIDADE\API_PORTAL\src\PortalMobilidade.Seedwork\Application.Seedwork\Application.Seedwork.csproj", "{A2BBF632-13D7-4E9D-A1E1-BB2CD696AC1C}"
EndProject
Project("{9A19103F-16F7-4668-BE54-9A1E7A4F7556}") = "Infra.Crosscutting", "..\..\Projetos - Gustavo\Tino\PORTAL_MOBILIDADE\API_PORTAL\src\PortalMobilidade.Seedwork\Infra.Crosscutting\Infra.Crosscutting.csproj", "{A37D8E90-22E7-4E12-A878-39C7BDFE72D4}"
EndProject
Project("{9A19103F-16F7-4668-BE54-9A1E7A4F7556}") = "Domain.Seedwork", "..\..\Projetos - Gustavo\Tino\PORTAL_MOBILIDADE\API_PORTAL\src\PortalMobilidade.Seedwork\Domain.Seedwork\Domain.Seedwork.csproj", "{531B126D-8FC4-4609-8910-AE0AC0D2FED2}"
EndProject
Project("{9A19103F-16F7-4668-BE54-9A1E7A4F7556}") = "Infra.Data.Http.Seedwork", "..\..\Projetos - Gustavo\Tino\PORTAL_MOBILIDADE\API_PORTAL\src\PortalMobilidade.Seedwork\Infra.Data.Http.Seedwork\Infra.Data.Http.Seedwork.csproj", "{B63F6ACB-23DD-4054-85FC-1282097ACE94}"
EndProject
Project("{9A19103F-16F7-4668-BE54-9A1E7A4F7556}") = "Infra.Data.Query.Seedwork", "..\..\Projetos - Gustavo\Tino\PORTAL_MOBILIDADE\API_PORTAL\src\PortalMobilidade.Seedwork\Infra.Data.Query.Seedwork\Infra.Data.Query.Seedwork.csproj", "{6071FBE2-E1C2-4BD8-8378-32FD027E685F}"
EndProject
Project("{9A19103F-16F7-4668-BE54-9A1E7A4F7556}") = "Infra.Data.Seedwork", "..\..\Projetos - Gustavo\Tino\PORTAL_MOBILIDADE\API_PORTAL\src\PortalMobilidade.Seedwork\Infra.Data.Seedwork\Infra.Data.Seedwork.csproj", "{C18D4CD9-5956-4240-AB26-3171DE82AB22}"
EndProject
Project("{9A19103F-16F7-4668-BE54-9A1E7A4F7556}") = "Infra.Http.Seedwork", "..\..\Projetos - Gustavo\Tino\PORTAL_MOBILIDADE\API_PORTAL\src\PortalMobilidade.Seedwork\Infra.Http.Seedwork\Infra.Http.Seedwork.csproj", "{F50F7056-2CC5-407F-9D80-0BDA585BC9B1}"
EndProject
Global
	GlobalSection(SolutionConfigurationPlatforms) = preSolution
		Debug|Any CPU = Debug|Any CPU
		Release|Any CPU = Release|Any CPU
		Staging|Any CPU = Staging|Any CPU
	EndGlobalSection
	GlobalSection(ProjectConfigurationPlatforms) = postSolution
		{AA46BB3B-C24D-42FB-A3D2-6E409843988B}.Debug|Any CPU.ActiveCfg = Debug|Any CPU
		{AA46BB3B-C24D-42FB-A3D2-6E409843988B}.Debug|Any CPU.Build.0 = Debug|Any CPU
		{AA46BB3B-C24D-42FB-A3D2-6E409843988B}.Release|Any CPU.ActiveCfg = Release|Any CPU
		{AA46BB3B-C24D-42FB-A3D2-6E409843988B}.Release|Any CPU.Build.0 = Release|Any CPU
		{AA46BB3B-C24D-42FB-A3D2-6E409843988B}.Staging|Any CPU.ActiveCfg = Release|Any CPU
		{AA46BB3B-C24D-42FB-A3D2-6E409843988B}.Staging|Any CPU.Build.0 = Release|Any CPU
		{7685C386-6372-4CC7-BDC2-3A5F93AD380A}.Debug|Any CPU.ActiveCfg = Debug|Any CPU
		{7685C386-6372-4CC7-BDC2-3A5F93AD380A}.Debug|Any CPU.Build.0 = Debug|Any CPU
		{7685C386-6372-4CC7-BDC2-3A5F93AD380A}.Release|Any CPU.ActiveCfg = Release|Any CPU
		{7685C386-6372-4CC7-BDC2-3A5F93AD380A}.Release|Any CPU.Build.0 = Release|Any CPU
		{7685C386-6372-4CC7-BDC2-3A5F93AD380A}.Staging|Any CPU.ActiveCfg = Debug|Any CPU
		{7685C386-6372-4CC7-BDC2-3A5F93AD380A}.Staging|Any CPU.Build.0 = Debug|Any CPU
		{5E6A192A-CA33-4776-8577-8B095F097018}.Debug|Any CPU.ActiveCfg = Debug|Any CPU
		{5E6A192A-CA33-4776-8577-8B095F097018}.Debug|Any CPU.Build.0 = Debug|Any CPU
		{5E6A192A-CA33-4776-8577-8B095F097018}.Release|Any CPU.ActiveCfg = Release|Any CPU
		{5E6A192A-CA33-4776-8577-8B095F097018}.Release|Any CPU.Build.0 = Release|Any CPU
		{5E6A192A-CA33-4776-8577-8B095F097018}.Staging|Any CPU.ActiveCfg = Debug|Any CPU
		{5E6A192A-CA33-4776-8577-8B095F097018}.Staging|Any CPU.Build.0 = Debug|Any CPU
		{81833862-0C1B-49E9-BDF0-11A83D0326C0}.Debug|Any CPU.ActiveCfg = Debug|Any CPU
		{81833862-0C1B-49E9-BDF0-11A83D0326C0}.Debug|Any CPU.Build.0 = Debug|Any CPU
		{81833862-0C1B-49E9-BDF0-11A83D0326C0}.Release|Any CPU.ActiveCfg = Release|Any CPU
		{81833862-0C1B-49E9-BDF0-11A83D0326C0}.Release|Any CPU.Build.0 = Release|Any CPU
		{81833862-0C1B-49E9-BDF0-11A83D0326C0}.Staging|Any CPU.ActiveCfg = Debug|Any CPU
		{81833862-0C1B-49E9-BDF0-11A83D0326C0}.Staging|Any CPU.Build.0 = Debug|Any CPU
		{98DEF1EF-3842-4907-AF9E-C459F53549A3}.Debug|Any CPU.ActiveCfg = Debug|Any CPU
		{98DEF1EF-3842-4907-AF9E-C459F53549A3}.Debug|Any CPU.Build.0 = Debug|Any CPU
		{98DEF1EF-3842-4907-AF9E-C459F53549A3}.Release|Any CPU.ActiveCfg = Release|Any CPU
		{98DEF1EF-3842-4907-AF9E-C459F53549A3}.Release|Any CPU.Build.0 = Release|Any CPU
		{98DEF1EF-3842-4907-AF9E-C459F53549A3}.Staging|Any CPU.ActiveCfg = Debug|Any CPU
		{98DEF1EF-3842-4907-AF9E-C459F53549A3}.Staging|Any CPU.Build.0 = Debug|Any CPU
		{A2BBF632-13D7-4E9D-A1E1-BB2CD696AC1C}.Debug|Any CPU.ActiveCfg = Debug|Any CPU
		{A2BBF632-13D7-4E9D-A1E1-BB2CD696AC1C}.Debug|Any CPU.Build.0 = Debug|Any CPU
		{A2BBF632-13D7-4E9D-A1E1-BB2CD696AC1C}.Release|Any CPU.ActiveCfg = Release|Any CPU
		{A2BBF632-13D7-4E9D-A1E1-BB2CD696AC1C}.Release|Any CPU.Build.0 = Release|Any CPU
		{A2BBF632-13D7-4E9D-A1E1-BB2CD696AC1C}.Staging|Any CPU.ActiveCfg = Staging|Any CPU
		{A2BBF632-13D7-4E9D-A1E1-BB2CD696AC1C}.Staging|Any CPU.Build.0 = Staging|Any CPU
		{A37D8E90-22E7-4E12-A878-39C7BDFE72D4}.Debug|Any CPU.ActiveCfg = Debug|Any CPU
		{A37D8E90-22E7-4E12-A878-39C7BDFE72D4}.Debug|Any CPU.Build.0 = Debug|Any CPU
		{A37D8E90-22E7-4E12-A878-39C7BDFE72D4}.Release|Any CPU.ActiveCfg = Release|Any CPU
		{A37D8E90-22E7-4E12-A878-39C7BDFE72D4}.Release|Any CPU.Build.0 = Release|Any CPU
		{A37D8E90-22E7-4E12-A878-39C7BDFE72D4}.Staging|Any CPU.ActiveCfg = Staging|Any CPU
		{A37D8E90-22E7-4E12-A878-39C7BDFE72D4}.Staging|Any CPU.Build.0 = Staging|Any CPU
		{531B126D-8FC4-4609-8910-AE0AC0D2FED2}.Debug|Any CPU.ActiveCfg = Debug|Any CPU
		{531B126D-8FC4-4609-8910-AE0AC0D2FED2}.Debug|Any CPU.Build.0 = Debug|Any CPU
		{531B126D-8FC4-4609-8910-AE0AC0D2FED2}.Release|Any CPU.ActiveCfg = Release|Any CPU
		{531B126D-8FC4-4609-8910-AE0AC0D2FED2}.Release|Any CPU.Build.0 = Release|Any CPU
		{531B126D-8FC4-4609-8910-AE0AC0D2FED2}.Staging|Any CPU.ActiveCfg = Staging|Any CPU
		{531B126D-8FC4-4609-8910-AE0AC0D2FED2}.Staging|Any CPU.Build.0 = Staging|Any CPU
		{B63F6ACB-23DD-4054-85FC-1282097ACE94}.Debug|Any CPU.ActiveCfg = Debug|Any CPU
		{B63F6ACB-23DD-4054-85FC-1282097ACE94}.Debug|Any CPU.Build.0 = Debug|Any CPU
		{B63F6ACB-23DD-4054-85FC-1282097ACE94}.Release|Any CPU.ActiveCfg = Release|Any CPU
		{B63F6ACB-23DD-4054-85FC-1282097ACE94}.Release|Any CPU.Build.0 = Release|Any CPU
		{B63F6ACB-23DD-4054-85FC-1282097ACE94}.Staging|Any CPU.ActiveCfg = Staging|Any CPU
		{B63F6ACB-23DD-4054-85FC-1282097ACE94}.Staging|Any CPU.Build.0 = Staging|Any CPU
		{6071FBE2-E1C2-4BD8-8378-32FD027E685F}.Debug|Any CPU.ActiveCfg = Debug|Any CPU
		{6071FBE2-E1C2-4BD8-8378-32FD027E685F}.Debug|Any CPU.Build.0 = Debug|Any CPU
		{6071FBE2-E1C2-4BD8-8378-32FD027E685F}.Release|Any CPU.ActiveCfg = Release|Any CPU
		{6071FBE2-E1C2-4BD8-8378-32FD027E685F}.Release|Any CPU.Build.0 = Release|Any CPU
		{6071FBE2-E1C2-4BD8-8378-32FD027E685F}.Staging|Any CPU.ActiveCfg = Staging|Any CPU
		{6071FBE2-E1C2-4BD8-8378-32FD027E685F}.Staging|Any CPU.Build.0 = Staging|Any CPU
		{C18D4CD9-5956-4240-AB26-3171DE82AB22}.Debug|Any CPU.ActiveCfg = Debug|Any CPU
		{C18D4CD9-5956-4240-AB26-3171DE82AB22}.Debug|Any CPU.Build.0 = Debug|Any CPU
		{C18D4CD9-5956-4240-AB26-3171DE82AB22}.Release|Any CPU.ActiveCfg = Release|Any CPU
		{C18D4CD9-5956-4240-AB26-3171DE82AB22}.Release|Any CPU.Build.0 = Release|Any CPU
		{C18D4CD9-5956-4240-AB26-3171DE82AB22}.Staging|Any CPU.ActiveCfg = Staging|Any CPU
		{C18D4CD9-5956-4240-AB26-3171DE82AB22}.Staging|Any CPU.Build.0 = Staging|Any CPU
		{F50F7056-2CC5-407F-9D80-0BDA585BC9B1}.Debug|Any CPU.ActiveCfg = Debug|Any CPU
		{F50F7056-2CC5-407F-9D80-0BDA585BC9B1}.Debug|Any CPU.Build.0 = Debug|Any CPU
		{F50F7056-2CC5-407F-9D80-0BDA585BC9B1}.Release|Any CPU.ActiveCfg = Release|Any CPU
		{F50F7056-2CC5-407F-9D80-0BDA585BC9B1}.Release|Any CPU.Build.0 = Release|Any CPU
		{F50F7056-2CC5-407F-9D80-0BDA585BC9B1}.Staging|Any CPU.ActiveCfg = Staging|Any CPU
		{F50F7056-2CC5-407F-9D80-0BDA585BC9B1}.Staging|Any CPU.Build.0 = Staging|Any CPU
	EndGlobalSection
	GlobalSection(SolutionProperties) = preSolution
		HideSolutionNode = FALSE
	EndGlobalSection
	GlobalSection(NestedProjects) = preSolution
		{AA46BB3B-C24D-42FB-A3D2-6E409843988B} = {5D9815C5-F5E4-4604-9D1E-F9FDB8941D7A}
		{7685C386-6372-4CC7-BDC2-3A5F93AD380A} = {5BB490B8-DC56-446F-8FCE-1528AEE825F3}
		{5E6A192A-CA33-4776-8577-8B095F097018} = {25B09B3C-996A-4BD5-890D-C0FB0559DC11}
		{81833862-0C1B-49E9-BDF0-11A83D0326C0} = {1630DB9D-B107-4560-9015-BD4AA184827A}
		{98DEF1EF-3842-4907-AF9E-C459F53549A3} = {1630DB9D-B107-4560-9015-BD4AA184827A}
		{A2BBF632-13D7-4E9D-A1E1-BB2CD696AC1C} = {4E7D26AD-2EAE-450F-9E40-296ECA9B54EA}
		{A37D8E90-22E7-4E12-A878-39C7BDFE72D4} = {4E7D26AD-2EAE-450F-9E40-296ECA9B54EA}
		{531B126D-8FC4-4609-8910-AE0AC0D2FED2} = {4E7D26AD-2EAE-450F-9E40-296ECA9B54EA}
		{B63F6ACB-23DD-4054-85FC-1282097ACE94} = {4E7D26AD-2EAE-450F-9E40-296ECA9B54EA}
		{6071FBE2-E1C2-4BD8-8378-32FD027E685F} = {4E7D26AD-2EAE-450F-9E40-296ECA9B54EA}
		{C18D4CD9-5956-4240-AB26-3171DE82AB22} = {4E7D26AD-2EAE-450F-9E40-296ECA9B54EA}
		{F50F7056-2CC5-407F-9D80-0BDA585BC9B1} = {4E7D26AD-2EAE-450F-9E40-296ECA9B54EA}
	EndGlobalSection
	GlobalSection(ExtensibilityGlobals) = postSolution
		SolutionGuid = {C3A93425-F5B2-46AC-B498-38A4899DC4A2}
	EndGlobalSection
EndGlobal
